{
  "name": "librevote-server",
  "version": "1.0.0-beta1",
  "lockfileVersion": 2,
  "requires": true,
  "packages": {
    "": {
      "name": "librevote-server",
      "version": "1.0.0-beta1",
      "license": "ISC",
      "dependencies": {
        "@spacingbat3/kolor": "^3.0.1"
      },
      "devDependencies": {
        "@tsconfig/node16-strictest": "^1.0.4",
        "@types/node": "^18.8.3",
        "typescript": "^4.8.4"
      }
    },
    "node_modules/@spacingbat3/kolor": {
      "version": "3.0.1",
      "resolved": "https://registry.npmjs.org/@spacingbat3/kolor/-/kolor-3.0.1.tgz",
      "integrity": "sha512-EXVjrVhC2mJt7YIbCHq612xS5ZzTzqaIj6E3NRSGO0myqZ5UcCdQdti2oxDcDvT7Ce29geWNUgwV9AG9Wl8XCQ=="
    },
    "node_modules/@tsconfig/node16-strictest": {
      "version": "1.0.4",
      "resolved": "https://registry.npmjs.org/@tsconfig/node16-strictest/-/node16-strictest-1.0.4.tgz",
      "integrity": "sha512-kp6/DuAoKzHVv5U+p0uOesYbjrEvrYVNdQMl163a+yXXUv9twabvkCGEn3pmVxKXB45JU5MPGolDDWnONZL5ZQ==",
      "dev": true
    },
    "node_modules/@types/node": {
      "version": "18.8.3",
      "resolved": "https://registry.npmjs.org/@types/node/-/node-18.8.3.tgz",
      "integrity": "sha512-0os9vz6BpGwxGe9LOhgP/ncvYN5Tx1fNcd2TM3rD/aCGBkysb+ZWpXEocG24h6ZzOi13+VB8HndAQFezsSOw1w==",
      "dev": true
    },
    "node_modules/typescript": {
      "version": "4.8.4",
      "resolved": "https://registry.npmjs.org/typescript/-/typescript-4.8.4.tgz",
      "integrity": "sha512-QCh+85mCy+h0IGff8r5XWzOVSbBO+KfeYrMQh7NJ58QujwcE22u+NUSmUxqF+un70P9GXKxa2HCNiTTMJknyjQ==",
      "dev": true,
      "bin": {
        "tsc": "bin/tsc",
        "tsserver": "bin/tsserver"
      },
      "engines": {
        "node": ">=4.2.0"
      }
    }
  },
  "dependencies": {
    "@spacingbat3/kolor": {
      "version": "3.0.1",
      "resolved": "https://registry.npmjs.org/@spacingbat3/kolor/-/kolor-3.0.1.tgz",
      "integrity": "sha512-EXVjrVhC2mJt7YIbCHq612xS5ZzTzqaIj6E3NRSGO0myqZ5UcCdQdti2oxDcDvT7Ce29geWNUgwV9AG9Wl8XCQ=="
    },
    "@tsconfig/node16-strictest": {
      "version": "1.0.4",
      "resolved": "https://registry.npmjs.org/@tsconfig/node16-strictest/-/node16-strictest-1.0.4.tgz",
      "integrity": "sha512-kp6/DuAoKzHVv5U+p0uOesYbjrEvrYVNdQMl163a+yXXUv9twabvkCGEn3pmVxKXB45JU5MPGolDDWnONZL5ZQ==",
      "dev": true
    },
    "@types/node": {
      "version": "18.8.3",
      "resolved": "https://registry.npmjs.org/@types/node/-/node-18.8.3.tgz",
      "integrity": "sha512-0os9vz6BpGwxGe9LOhgP/ncvYN5Tx1fNcd2TM3rD/aCGBkysb+ZWpXEocG24h6ZzOi13+VB8HndAQFezsSOw1w==",
      "dev": true
    },
    "typescript": {
      "version": "4.8.4",
      "resolved": "https://registry.npmjs.org/typescript/-/typescript-4.8.4.tgz",
      "integrity": "sha512-QCh+85mCy+h0IGff8r5XWzOVSbBO+KfeYrMQh7NJ58QujwcE22u+NUSmUxqF+un70P9GXKxa2HCNiTTMJknyjQ==",
      "dev": true
    }
  }
}
