{
  "name": "librevote-server",
  "version": "1.0.0-beta2",
  "lockfileVersion": 2,
  "requires": true,
  "packages": {
    "": {
      "name": "librevote-server",
      "version": "1.0.0-beta2",
      "license": "ISC",
      "dependencies": {
        "@faker-js/faker": "^7.6.0",
        "@spacingbat3/kolor": "^3.0.1"
      },
      "devDependencies": {
        "@tsconfig/node16-strictest": "^1.0.4",
        "@types/node": "^18.8.3",
        "typescript": "^4.8.4"
      },
      "engines": {
        "node": "^18.3.0"
      }
    },
    "node_modules/@faker-js/faker": {
      "version": "7.6.0",
      "resolved": "https://registry.npmjs.org/@faker-js/faker/-/faker-7.6.0.tgz",
      "integrity": "sha512-XK6BTq1NDMo9Xqw/YkYyGjSsg44fbNwYRx7QK2CuoQgyy+f1rrTDHoExVM5PsyXCtfl2vs2vVJ0MN0yN6LppRw==",
      "engines": {
        "node": ">=14.0.0",
        "npm": ">=6.0.0"
      }
    },
    "node_modules/@spacingbat3/kolor": {
      "version": "3.0.2",
      "resolved": "https://registry.npmjs.org/@spacingbat3/kolor/-/kolor-3.0.2.tgz",
      "integrity": "sha512-pkcCPLtYB+hmT/caxHB3VLw6/GlAnx0pK4qOZXtQYliJMWOXtjevDUMJfSHbBs/X4A6KaAjoNB+sRw6rdQXGeA=="
    },
    "node_modules/@tsconfig/node16-strictest": {
      "version": "1.0.4",
      "resolved": "https://registry.npmjs.org/@tsconfig/node16-strictest/-/node16-strictest-1.0.4.tgz",
      "integrity": "sha512-kp6/DuAoKzHVv5U+p0uOesYbjrEvrYVNdQMl163a+yXXUv9twabvkCGEn3pmVxKXB45JU5MPGolDDWnONZL5ZQ==",
      "dev": true
    },
    "node_modules/@types/node": {
      "version": "18.8.5",
      "resolved": "https://registry.npmjs.org/@types/node/-/node-18.8.5.tgz",
      "integrity": "sha512-Bq7G3AErwe5A/Zki5fdD3O6+0zDChhg671NfPjtIcbtzDNZTv4NPKMRFr7gtYPG7y+B8uTiNK4Ngd9T0FTar6Q==",
      "dev": true
    },
    "node_modules/typescript": {
      "version": "4.8.4",
      "resolved": "https://registry.npmjs.org/typescript/-/typescript-4.8.4.tgz",
      "integrity": "sha512-QCh+85mCy+h0IGff8r5XWzOVSbBO+KfeYrMQh7NJ58QujwcE22u+NUSmUxqF+un70P9GXKxa2HCNiTTMJknyjQ==",
      "dev": true,
      "bin": {
        "tsc": "bin/tsc",
        "tsserver": "bin/tsserver"
      },
      "engines": {
        "node": ">=4.2.0"
      }
    }
  },
  "dependencies": {
    "@faker-js/faker": {
      "version": "7.6.0",
      "resolved": "https://registry.npmjs.org/@faker-js/faker/-/faker-7.6.0.tgz",
      "integrity": "sha512-XK6BTq1NDMo9Xqw/YkYyGjSsg44fbNwYRx7QK2CuoQgyy+f1rrTDHoExVM5PsyXCtfl2vs2vVJ0MN0yN6LppRw=="
    },
    "@spacingbat3/kolor": {
      "version": "3.0.2",
      "resolved": "https://registry.npmjs.org/@spacingbat3/kolor/-/kolor-3.0.2.tgz",
      "integrity": "sha512-pkcCPLtYB+hmT/caxHB3VLw6/GlAnx0pK4qOZXtQYliJMWOXtjevDUMJfSHbBs/X4A6KaAjoNB+sRw6rdQXGeA=="
    },
    "@tsconfig/node16-strictest": {
      "version": "1.0.4",
      "resolved": "https://registry.npmjs.org/@tsconfig/node16-strictest/-/node16-strictest-1.0.4.tgz",
      "integrity": "sha512-kp6/DuAoKzHVv5U+p0uOesYbjrEvrYVNdQMl163a+yXXUv9twabvkCGEn3pmVxKXB45JU5MPGolDDWnONZL5ZQ==",
      "dev": true
    },
    "@types/node": {
      "version": "18.8.5",
      "resolved": "https://registry.npmjs.org/@types/node/-/node-18.8.5.tgz",
      "integrity": "sha512-Bq7G3AErwe5A/Zki5fdD3O6+0zDChhg671NfPjtIcbtzDNZTv4NPKMRFr7gtYPG7y+B8uTiNK4Ngd9T0FTar6Q==",
      "dev": true
    },
    "typescript": {
      "version": "4.8.4",
      "resolved": "https://registry.npmjs.org/typescript/-/typescript-4.8.4.tgz",
      "integrity": "sha512-QCh+85mCy+h0IGff8r5XWzOVSbBO+KfeYrMQh7NJ58QujwcE22u+NUSmUxqF+un70P9GXKxa2HCNiTTMJknyjQ==",
      "dev": true
    }
  }
}
